
Microsoft Visual Studio Solution File, Format Version 12.00
# Visual Studio 14
VisualStudioVersion = 14.0.25420.1
MinimumVisualStudioVersion = 10.0.40219.1
Project("{8BC9CEB8-8B4A-11D0-8D11-00A0C91BC942}") = "speexdsp", "speexdsp.vcxproj", "{8113FA44-1949-4A24-A716-4F0221D16610}"
EndProject
Project("{8BC9CEB8-8B4A-11D0-8D11-00A0C91BC942}") = "denoise", "denoise.vcxproj", "{0AEC2C63-7AA0-4CBF-A28F-52F1B10A3907}"
EndProject
Project("{8BC9CEB8-8B4A-11D0-8D11-00A0C91BC942}") = "echo", "echo.vcxproj", "{B459ED8E-F999-496A-84AA-0723AD32B266}"
EndProject
Project("{8BC9CEB8-8B4A-11D0-8D11-00A0C91BC942}") = "resample", "resample.vcxproj", "{DCD781F8-B0FE-4E34-A4AB-A3D00279FD78}"
EndProject
Project("{8BC9CEB8-8B4A-11D0-8D11-00A0C91BC942}") = "jitter", "jitter.vcxproj", "{B0A2CACF-9216-44AD-BAEE-D58785435331}"
EndProject
Global
	GlobalSection(SolutionConfigurationPlatforms) = preSolution
		Debug|Win32 = Debug|Win32
		Debug|x64 = Debug|x64
		DebugDLL|Win32 = DebugDLL|Win32
		DebugDLL|x64 = DebugDLL|x64
		Release|Win32 = Release|Win32
		Release|x64 = Release|x64
		ReleaseDLL|Win32 = ReleaseDLL|Win32
		ReleaseDLL|x64 = ReleaseDLL|x64
	EndGlobalSection
	GlobalSection(ProjectConfigurationPlatforms) = postSolution
		{8113FA44-1949-4A24-A716-4F0221D16610}.Debug|Win32.ActiveCfg = Debug|Win32
		{8113FA44-1949-4A24-A716-4F0221D16610}.Debug|Win32.Build.0 = Debug|Win32
		{8113FA44-1949-4A24-A716-4F0221D16610}.Debug|x64.ActiveCfg = Debug|x64
		{8113FA44-1949-4A24-A716-4F0221D16610}.Debug|x64.Build.0 = Debug|x64
		{8113FA44-1949-4A24-A716-4F0221D16610}.DebugDLL|Win32.ActiveCfg = DebugDLL|Win32
		{8113FA44-1949-4A24-A716-4F0221D16610}.DebugDLL|Win32.Build.0 = DebugDLL|Win32
		{8113FA44-1949-4A24-A716-4F0221D16610}.DebugDLL|x64.ActiveCfg = DebugDLL|x64
		{8113FA44-1949-4A24-A716-4F0221D16610}.DebugDLL|x64.Build.0 = DebugDLL|x64
		{8113FA44-1949-4A24-A716-4F0221D16610}.Release|Win32.ActiveCfg = Release|Win32
		{8113FA44-1949-4A24-A716-4F0221D16610}.Release|Win32.Build.0 = Release|Win32
		{8113FA44-1949-4A24-A716-4F0221D16610}.Release|x64.ActiveCfg = Release|x64
		{8113FA44-1949-4A24-A716-4F0221D16610}.Release|x64.Build.0 = Release|x64
		{8113FA44-1949-4A24-A716-4F0221D16610}.ReleaseDLL|Win32.ActiveCfg = ReleaseDLL|Win32
		{8113FA44-1949-4A24-A716-4F0221D16610}.ReleaseDLL|Win32.Build.0 = ReleaseDLL|Win32
		{8113FA44-1949-4A24-A716-4F0221D16610}.ReleaseDLL|x64.ActiveCfg = ReleaseDLL|x64
		{8113FA44-1949-4A24-A716-4F0221D16610}.ReleaseDLL|x64.Build.0 = ReleaseDLL|x64
		{0AEC2C63-7AA0-4CBF-A28F-52F1B10A3907}.Debug|Win32.ActiveCfg = Debug|Win32
		{0AEC2C63-7AA0-4CBF-A28F-52F1B10A3907}.Debug|Win32.Build.0 = Debug|Win32
		{0AEC2C63-7AA0-4CBF-A28F-52F1B10A3907}.Debug|x64.ActiveCfg = Debug|x64
		{0AEC2C63-7AA0-4CBF-A28F-52F1B10A3907}.Debug|x64.Build.0 = Debug|x64
		{0AEC2C63-7AA0-4CBF-A28F-52F1B10A3907}.DebugDLL|Win32.ActiveCfg = DebugDLL|Win32
		{0AEC2C63-7AA0-4CBF-A28F-52F1B10A3907}.DebugDLL|Win32.Build.0 = DebugDLL|Win32
		{0AEC2C63-7AA0-4CBF-A28F-52F1B10A3907}.DebugDLL|x64.ActiveCfg = DebugDLL|x64
		{0AEC2C63-7AA0-4CBF-A28F-52F1B10A3907}.DebugDLL|x64.Build.0 = DebugDLL|x64
		{0AEC2C63-7AA0-4CBF-A28F-52F1B10A3907}.Release|Win32.ActiveCfg = Release|Win32
		{0AEC2C63-7AA0-4CBF-A28F-52F1B10A3907}.Release|Win32.Build.0 = Release|Win32
		{0AEC2C63-7AA0-4CBF-A28F-52F1B10A3907}.Release|x64.ActiveCfg = Release|x64
		{0AEC2C63-7AA0-4CBF-A28F-52F1B10A3907}.Release|x64.Build.0 = Release|x64
		{0AEC2C63-7AA0-4CBF-A28F-52F1B10A3907}.ReleaseDLL|Win32.ActiveCfg = ReleaseDLL|Win32
		{0AEC2C63-7AA0-4CBF-A28F-52F1B10A3907}.ReleaseDLL|Win32.Build.0 = ReleaseDLL|Win32
		{0AEC2C63-7AA0-4CBF-A28F-52F1B10A3907}.ReleaseDLL|x64.ActiveCfg = ReleaseDLL|x64
		{0AEC2C63-7AA0-4CBF-A28F-52F1B10A3907}.ReleaseDLL|x64.Build.0 = ReleaseDLL|x64
		{B459ED8E-F999-496A-84AA-0723AD32B266}.Debug|Win32.ActiveCfg = Debug|Win32
		{B459ED8E-F999-496A-84AA-0723AD32B266}.Debug|Win32.Build.0 = Debug|Win32
		{B459ED8E-F999-496A-84AA-0723AD32B266}.Debug|x64.ActiveCfg = Debug|x64
		{B459ED8E-F999-496A-84AA-0723AD32B266}.Debug|x64.Build.0 = Debug|x64
		{B459ED8E-F999-496A-84AA-0723AD32B266}.DebugDLL|Win32.ActiveCfg = DebugDLL|Win32
		{B459ED8E-F999-496A-84AA-0723AD32B266}.DebugDLL|Win32.Build.0 = DebugDLL|Win32
		{B459ED8E-F999-496A-84AA-0723AD32B266}.DebugDLL|x64.ActiveCfg = DebugDLL|x64
		{B459ED8E-F999-496A-84AA-0723AD32B266}.DebugDLL|x64.Build.0 = DebugDLL|x64
		{B459ED8E-F999-496A-84AA-0723AD32B266}.Release|Win32.ActiveCfg = Release|Win32
		{B459ED8E-F999-496A-84AA-0723AD32B266}.Release|Win32.Build.0 = Release|Win32
		{B459ED8E-F999-496A-84AA-0723AD32B266}.Release|x64.ActiveCfg = Release|x64
		{B459ED8E-F999-496A-84AA-0723AD32B266}.Release|x64.Build.0 = Release|x64
		{B459ED8E-F999-496A-84AA-0723AD32B266}.ReleaseDLL|Win32.ActiveCfg = ReleaseDLL|Win32
		{B459ED8E-F999-496A-84AA-0723AD32B266}.ReleaseDLL|Win32.Build.0 = ReleaseDLL|Win32
		{B459ED8E-F999-496A-84AA-0723AD32B266}.ReleaseDLL|x64.ActiveCfg = ReleaseDLL|x64
		{B459ED8E-F999-496A-84AA-0723AD32B266}.ReleaseDLL|x64.Build.0 = ReleaseDLL|x64
		{DCD781F8-B0FE-4E34-A4AB-A3D00279FD78}.Debug|Win32.ActiveCfg = Debug|Win32
		{DCD781F8-B0FE-4E34-A4AB-A3D00279FD78}.Debug|Win32.Build.0 = Debug|Win32
		{DCD781F8-B0FE-4E34-A4AB-A3D00279FD78}.Debug|x64.ActiveCfg = Debug|x64
		{DCD781F8-B0FE-4E34-A4AB-A3D00279FD78}.Debug|x64.Build.0 = Debug|x64
		{DCD781F8-B0FE-4E34-A4AB-A3D00279FD78}.DebugDLL|Win32.ActiveCfg = DebugDLL|Win32
		{DCD781F8-B0FE-4E34-A4AB-A3D00279FD78}.DebugDLL|Win32.Build.0 = DebugDLL|Win32
		{DCD781F8-B0FE-4E34-A4AB-A3D00279FD78}.DebugDLL|x64.ActiveCfg = DebugDLL|x64
		{DCD781F8-B0FE-4E34-A4AB-A3D00279FD78}.DebugDLL|x64.Build.0 = DebugDLL|x64
		{DCD781F8-B0FE-4E34-A4AB-A3D00279FD78}.Release|Win32.ActiveCfg = Release|Win32
		{DCD781F8-B0FE-4E34-A4AB-A3D00279FD78}.Release|Win32.Build.0 = Release|Win32
		{DCD781F8-B0FE-4E34-A4AB-A3D00279FD78}.Release|x64.ActiveCfg = Release|x64
		{DCD781F8-B0FE-4E34-A4AB-A3D00279FD78}.Release|x64.Build.0 = Release|x64
		{DCD781F8-B0FE-4E34-A4AB-A3D00279FD78}.ReleaseDLL|Win32.ActiveCfg = ReleaseDLL|Win32
		{DCD781F8-B0FE-4E34-A4AB-A3D00279FD78}.ReleaseDLL|Win32.Build.0 = ReleaseDLL|Win32
		{DCD781F8-B0FE-4E34-A4AB-A3D00279FD78}.ReleaseDLL|x64.ActiveCfg = ReleaseDLL|x64
		{DCD781F8-B0FE-4E34-A4AB-A3D00279FD78}.ReleaseDLL|x64.Build.0 = ReleaseDLL|x64
		{B0A2CACF-9216-44AD-BAEE-D58785435331}.Debug|Win32.ActiveCfg = Debug|Win32
		{B0A2CACF-9216-44AD-BAEE-D58785435331}.Debug|Win32.Build.0 = Debug|Win32
		{B0A2CACF-9216-44AD-BAEE-D58785435331}.Debug|x64.ActiveCfg = Debug|x64
		{B0A2CACF-9216-44AD-BAEE-D58785435331}.Debug|x64.Build.0 = Debug|x64
		{B0A2CACF-9216-44AD-BAEE-D58785435331}.DebugDLL|Win32.ActiveCfg = DebugDLL|Win32
		{B0A2CACF-9216-44AD-BAEE-D58785435331}.DebugDLL|Win32.Build.0 = DebugDLL|Win32
		{B0A2CACF-9216-44AD-BAEE-D58785435331}.DebugDLL|x64.ActiveCfg = DebugDLL|x64
		{B0A2CACF-9216-44AD-BAEE-D58785435331}.DebugDLL|x64.Build.0 = DebugDLL|x64
		{B0A2CACF-9216-44AD-BAEE-D58785435331}.Release|Win32.ActiveCfg = Release|Win32
		{B0A2CACF-9216-44AD-BAEE-D58785435331}.Release|Win32.Build.0 = Release|Win32
		{B0A2CACF-9216-44AD-BAEE-D58785435331}.Release|x64.ActiveCfg = Release|x64
		{B0A2CACF-9216-44AD-BAEE-D58785435331}.Release|x64.Build.0 = Release|x64
		{B0A2CACF-9216-44AD-BAEE-D58785435331}.ReleaseDLL|Win32.ActiveCfg = ReleaseDLL|Win32
		{B0A2CACF-9216-44AD-BAEE-D58785435331}.ReleaseDLL|Win32.Build.0 = ReleaseDLL|Win32
		{B0A2CACF-9216-44AD-BAEE-D58785435331}.ReleaseDLL|x64.ActiveCfg = ReleaseDLL|x64
		{B0A2CACF-9216-44AD-BAEE-D58785435331}.ReleaseDLL|x64.Build.0 = ReleaseDLL|x64
	EndGlobalSection
	GlobalSection(SolutionProperties) = preSolution
		HideSolutionNode = FALSE
	EndGlobalSection
EndGlobal
